// !$*UTF8*$!
{
	archiveVersion = 1;
	classes = {
	};
	objectVersion = 50;
	objects = {

/* Begin PBXBuildFile section */
		4DB354EE9F67527964D36BD1 /* Pods_Lite.framework in Frameworks */ = {isa = PBXBuildFile; fileRef = C91949BFDC224729DA9445A8 /* Pods_Lite.framework */; };
		AB02602C20FE92B800FDF3A3 /* Service.swift in Sources */ = {isa = PBXBuildFile; fileRef = AB02602B20FE92B800FDF3A3 /* Service.swift */; };
		AB02602F20FE941200FDF3A3 /* PluginType.swift in Sources */ = {isa = PBXBuildFile; fileRef = AB02602E20FE941200FDF3A3 /* PluginType.swift */; };
		AB0260322103888700FDF3A3 /* AsyncOperation.swift in Sources */ = {isa = PBXBuildFile; fileRef = AB0260312103888700FDF3A3 /* AsyncOperation.swift */; };
		AB0260362103894E00FDF3A3 /* DataOperation.swift in Sources */ = {isa = PBXBuildFile; fileRef = AB0260352103894E00FDF3A3 /* DataOperation.swift */; };
		AB02603821038BC400FDF3A3 /* URLRequest+Request.swift in Sources */ = {isa = PBXBuildFile; fileRef = AB02603721038BC400FDF3A3 /* URLRequest+Request.swift */; };
		AB02603A21038FBD00FDF3A3 /* NetworkOperation.swift in Sources */ = {isa = PBXBuildFile; fileRef = AB02603921038FBD00FDF3A3 /* NetworkOperation.swift */; };
		AB0260432103A1A100FDF3A3 /* NetworkServiceTest.swift in Sources */ = {isa = PBXBuildFile; fileRef = AB0260422103A1A100FDF3A3 /* NetworkServiceTest.swift */; };
		AB0260452103A69400FDF3A3 /* RequestType.swift in Sources */ = {isa = PBXBuildFile; fileRef = AB0260442103A69400FDF3A3 /* RequestType.swift */; };
		AB0260492103EBCF00FDF3A3 /* ProviderType.swift in Sources */ = {isa = PBXBuildFile; fileRef = AB0260482103EBCF00FDF3A3 /* ProviderType.swift */; };
		AB02604B2103F07600FDF3A3 /* Response.swift in Sources */ = {isa = PBXBuildFile; fileRef = AB02604A2103F07600FDF3A3 /* Response.swift */; };
		AB02604D2103F4FF00FDF3A3 /* HttpBinProvider.swift in Sources */ = {isa = PBXBuildFile; fileRef = AB02604C2103F4FF00FDF3A3 /* HttpBinProvider.swift */; };
		AB02604F210402F700FDF3A3 /* Plugins.swift in Sources */ = {isa = PBXBuildFile; fileRef = AB02604E210402F700FDF3A3 /* Plugins.swift */; };
		AB12B161210960C50067BCA7 /* NetworkServiceProvider.swift in Sources */ = {isa = PBXBuildFile; fileRef = AB12B160210960C50067BCA7 /* NetworkServiceProvider.swift */; };
		AB15F00820FE7D0E001EE57D /* Lite.framework in Frameworks */ = {isa = PBXBuildFile; fileRef = AB15EFFE20FE7D0E001EE57D /* Lite.framework */; };
		AB15F00F20FE7D0E001EE57D /* Lite.h in Headers */ = {isa = PBXBuildFile; fileRef = AB15F00120FE7D0E001EE57D /* Lite.h */; settings = {ATTRIBUTES = (Public, ); }; };
		AB15F01C20FE7EBF001EE57D /* Request.swift in Sources */ = {isa = PBXBuildFile; fileRef = AB15F01B20FE7EBF001EE57D /* Request.swift */; };
		AB15F01E20FE7F93001EE57D /* HTTPMethod.swift in Sources */ = {isa = PBXBuildFile; fileRef = AB15F01D20FE7F93001EE57D /* HTTPMethod.swift */; };
		AB486E6C2115F4AD0051802B /* PersistenceProtocol.swift in Sources */ = {isa = PBXBuildFile; fileRef = AB486E6B2115F4AD0051802B /* PersistenceProtocol.swift */; };
		AB486E6E2115F5B60051802B /* Future.swift in Sources */ = {isa = PBXBuildFile; fileRef = AB486E6D2115F5B60051802B /* Future.swift */; };
		AB486E7121160AFB0051802B /* RealmService.swift in Sources */ = {isa = PBXBuildFile; fileRef = AB486E7021160AFB0051802B /* RealmService.swift */; };
		AB486E73211610890051802B /* PersistenceProvider.swift in Sources */ = {isa = PBXBuildFile; fileRef = AB486E72211610890051802B /* PersistenceProvider.swift */; };
		AB486E78211632700051802B /* Pipeline.swift in Sources */ = {isa = PBXBuildFile; fileRef = AB486E77211632700051802B /* Pipeline.swift */; };
		AB486E7A21166A9E0051802B /* RealmPersistedServiceProvider.swift in Sources */ = {isa = PBXBuildFile; fileRef = AB486E7921166A9E0051802B /* RealmPersistedServiceProvider.swift */; };
		AB486E7C21166FF10051802B /* PersistedServiceTest.swift in Sources */ = {isa = PBXBuildFile; fileRef = AB486E7B21166FF10051802B /* PersistedServiceTest.swift */; };
		AB6C87BB216A8FB000E8933A /* Provider.swift in Sources */ = {isa = PBXBuildFile; fileRef = AB6C87BA216A8FB000E8933A /* Provider.swift */; };
		AB6C87BD216A904500E8933A /* Composable.swift in Sources */ = {isa = PBXBuildFile; fileRef = AB6C87BC216A904500E8933A /* Composable.swift */; };
		ABBA5E49211676A8003063F4 /* ResponseModel.swift in Sources */ = {isa = PBXBuildFile; fileRef = ABBA5E48211676A8003063F4 /* ResponseModel.swift */; };
		ABBA5E4B2116806C003063F4 /* RealmEntity.swift in Sources */ = {isa = PBXBuildFile; fileRef = ABBA5E4A2116806C003063F4 /* RealmEntity.swift */; };
		ABBA5E4D2117DF73003063F4 /* LiteServiceProvider.swift in Sources */ = {isa = PBXBuildFile; fileRef = ABBA5E4C2117DF73003063F4 /* LiteServiceProvider.swift */; };
		ABBA5E4F2117EBAA003063F4 /* LiteServiceTest.swift in Sources */ = {isa = PBXBuildFile; fileRef = ABBA5E4E2117EBAA003063F4 /* LiteServiceTest.swift */; };
		BF5A405DB39F74C7972A19CB /* Pods_LiteTests.framework in Frameworks */ = {isa = PBXBuildFile; fileRef = 60EA7EC3710F1088CD1B8E71 /* Pods_LiteTests.framework */; };
/* End PBXBuildFile section */

/* Begin PBXContainerItemProxy section */
		AB15F00920FE7D0E001EE57D /* PBXContainerItemProxy */ = {
			isa = PBXContainerItemProxy;
			containerPortal = AB15EFF520FE7D0E001EE57D /* Project object */;
			proxyType = 1;
			remoteGlobalIDString = AB15EFFD20FE7D0E001EE57D;
			remoteInfo = Lite;
		};
/* End PBXContainerItemProxy section */

/* Begin PBXFileReference section */
		1337AA30A7A8005FBAB7CA69 /* Pods-Lite.release.xcconfig */ = {isa = PBXFileReference; includeInIndex = 1; lastKnownFileType = text.xcconfig; name = "Pods-Lite.release.xcconfig"; path = "../../Pods/Target Support Files/Pods-Lite/Pods-Lite.release.xcconfig"; sourceTree = "<group>"; };
		51FA862E429BC827F3381C23 /* Pods-LiteTests.debug.xcconfig */ = {isa = PBXFileReference; includeInIndex = 1; lastKnownFileType = text.xcconfig; name = "Pods-LiteTests.debug.xcconfig"; path = "../../Pods/Target Support Files/Pods-LiteTests/Pods-LiteTests.debug.xcconfig"; sourceTree = "<group>"; };
		60EA7EC3710F1088CD1B8E71 /* Pods_LiteTests.framework */ = {isa = PBXFileReference; explicitFileType = wrapper.framework; includeInIndex = 0; path = Pods_LiteTests.framework; sourceTree = BUILT_PRODUCTS_DIR; };
		8C9BD2FF526D8BC6C99C1145 /* Pods-LiteTests.release.xcconfig */ = {isa = PBXFileReference; includeInIndex = 1; lastKnownFileType = text.xcconfig; name = "Pods-LiteTests.release.xcconfig"; path = "../../Pods/Target Support Files/Pods-LiteTests/Pods-LiteTests.release.xcconfig"; sourceTree = "<group>"; };
		AB02602B20FE92B800FDF3A3 /* Service.swift */ = {isa = PBXFileReference; lastKnownFileType = sourcecode.swift; path = Service.swift; sourceTree = "<group>"; };
		AB02602E20FE941200FDF3A3 /* PluginType.swift */ = {isa = PBXFileReference; lastKnownFileType = sourcecode.swift; path = PluginType.swift; sourceTree = "<group>"; };
		AB0260312103888700FDF3A3 /* AsyncOperation.swift */ = {isa = PBXFileReference; lastKnownFileType = sourcecode.swift; path = AsyncOperation.swift; sourceTree = "<group>"; };
		AB0260352103894E00FDF3A3 /* DataOperation.swift */ = {isa = PBXFileReference; lastKnownFileType = sourcecode.swift; path = DataOperation.swift; sourceTree = "<group>"; };
		AB02603721038BC400FDF3A3 /* URLRequest+Request.swift */ = {isa = PBXFileReference; lastKnownFileType = sourcecode.swift; path = "URLRequest+Request.swift"; sourceTree = "<group>"; };
		AB02603921038FBD00FDF3A3 /* NetworkOperation.swift */ = {isa = PBXFileReference; lastKnownFileType = sourcecode.swift; path = NetworkOperation.swift; sourceTree = "<group>"; };
		AB0260422103A1A100FDF3A3 /* NetworkServiceTest.swift */ = {isa = PBXFileReference; lastKnownFileType = sourcecode.swift; path = NetworkServiceTest.swift; sourceTree = "<group>"; };
		AB0260442103A69400FDF3A3 /* RequestType.swift */ = {isa = PBXFileReference; lastKnownFileType = sourcecode.swift; path = RequestType.swift; sourceTree = "<group>"; };
		AB0260482103EBCF00FDF3A3 /* ProviderType.swift */ = {isa = PBXFileReference; lastKnownFileType = sourcecode.swift; path = ProviderType.swift; sourceTree = "<group>"; };
		AB02604A2103F07600FDF3A3 /* Response.swift */ = {isa = PBXFileReference; lastKnownFileType = sourcecode.swift; path = Response.swift; sourceTree = "<group>"; };
		AB02604C2103F4FF00FDF3A3 /* HttpBinProvider.swift */ = {isa = PBXFileReference; lastKnownFileType = sourcecode.swift; path = HttpBinProvider.swift; sourceTree = "<group>"; };
		AB02604E210402F700FDF3A3 /* Plugins.swift */ = {isa = PBXFileReference; lastKnownFileType = sourcecode.swift; path = Plugins.swift; sourceTree = "<group>"; };
		AB12B160210960C50067BCA7 /* NetworkServiceProvider.swift */ = {isa = PBXFileReference; lastKnownFileType = sourcecode.swift; path = NetworkServiceProvider.swift; sourceTree = "<group>"; };
		AB15EFFE20FE7D0E001EE57D /* Lite.framework */ = {isa = PBXFileReference; explicitFileType = wrapper.framework; includeInIndex = 0; path = Lite.framework; sourceTree = BUILT_PRODUCTS_DIR; };
		AB15F00120FE7D0E001EE57D /* Lite.h */ = {isa = PBXFileReference; lastKnownFileType = sourcecode.c.h; path = Lite.h; sourceTree = "<group>"; };
		AB15F00220FE7D0E001EE57D /* Info.plist */ = {isa = PBXFileReference; lastKnownFileType = text.plist.xml; path = Info.plist; sourceTree = "<group>"; };
		AB15F00720FE7D0E001EE57D /* LiteTests.xctest */ = {isa = PBXFileReference; explicitFileType = wrapper.cfbundle; includeInIndex = 0; path = LiteTests.xctest; sourceTree = BUILT_PRODUCTS_DIR; };
		AB15F00E20FE7D0E001EE57D /* Info.plist */ = {isa = PBXFileReference; lastKnownFileType = text.plist.xml; path = Info.plist; sourceTree = "<group>"; };
		AB15F01B20FE7EBF001EE57D /* Request.swift */ = {isa = PBXFileReference; lastKnownFileType = sourcecode.swift; path = Request.swift; sourceTree = "<group>"; };
		AB15F01D20FE7F93001EE57D /* HTTPMethod.swift */ = {isa = PBXFileReference; lastKnownFileType = sourcecode.swift; path = HTTPMethod.swift; sourceTree = "<group>"; };
		AB486E6B2115F4AD0051802B /* PersistenceProtocol.swift */ = {isa = PBXFileReference; lastKnownFileType = sourcecode.swift; path = PersistenceProtocol.swift; sourceTree = "<group>"; };
		AB486E6D2115F5B60051802B /* Future.swift */ = {isa = PBXFileReference; lastKnownFileType = sourcecode.swift; path = Future.swift; sourceTree = "<group>"; };
		AB486E7021160AFB0051802B /* RealmService.swift */ = {isa = PBXFileReference; lastKnownFileType = sourcecode.swift; path = RealmService.swift; sourceTree = "<group>"; };
		AB486E72211610890051802B /* PersistenceProvider.swift */ = {isa = PBXFileReference; lastKnownFileType = sourcecode.swift; path = PersistenceProvider.swift; sourceTree = "<group>"; };
		AB486E77211632700051802B /* Pipeline.swift */ = {isa = PBXFileReference; lastKnownFileType = sourcecode.swift; path = Pipeline.swift; sourceTree = "<group>"; };
		AB486E7921166A9E0051802B /* RealmPersistedServiceProvider.swift */ = {isa = PBXFileReference; lastKnownFileType = sourcecode.swift; path = RealmPersistedServiceProvider.swift; sourceTree = "<group>"; };
		AB486E7B21166FF10051802B /* PersistedServiceTest.swift */ = {isa = PBXFileReference; lastKnownFileType = sourcecode.swift; path = PersistedServiceTest.swift; sourceTree = "<group>"; };
		AB6C87BA216A8FB000E8933A /* Provider.swift */ = {isa = PBXFileReference; lastKnownFileType = sourcecode.swift; path = Provider.swift; sourceTree = "<group>"; };
		AB6C87BC216A904500E8933A /* Composable.swift */ = {isa = PBXFileReference; lastKnownFileType = sourcecode.swift; path = Composable.swift; sourceTree = "<group>"; };
		ABBA5E48211676A8003063F4 /* ResponseModel.swift */ = {isa = PBXFileReference; fileEncoding = 4; lastKnownFileType = sourcecode.swift; path = ResponseModel.swift; sourceTree = "<group>"; };
		ABBA5E4A2116806C003063F4 /* RealmEntity.swift */ = {isa = PBXFileReference; lastKnownFileType = sourcecode.swift; path = RealmEntity.swift; sourceTree = "<group>"; };
		ABBA5E4C2117DF73003063F4 /* LiteServiceProvider.swift */ = {isa = PBXFileReference; lastKnownFileType = sourcecode.swift; path = LiteServiceProvider.swift; sourceTree = "<group>"; };
		ABBA5E4E2117EBAA003063F4 /* LiteServiceTest.swift */ = {isa = PBXFileReference; lastKnownFileType = sourcecode.swift; path = LiteServiceTest.swift; sourceTree = "<group>"; };
		B03341468FD22A42F49B3C77 /* Pods-Lite.debug.xcconfig */ = {isa = PBXFileReference; includeInIndex = 1; lastKnownFileType = text.xcconfig; name = "Pods-Lite.debug.xcconfig"; path = "../../Pods/Target Support Files/Pods-Lite/Pods-Lite.debug.xcconfig"; sourceTree = "<group>"; };
		C91949BFDC224729DA9445A8 /* Pods_Lite.framework */ = {isa = PBXFileReference; explicitFileType = wrapper.framework; includeInIndex = 0; path = Pods_Lite.framework; sourceTree = BUILT_PRODUCTS_DIR; };
/* End PBXFileReference section */

/* Begin PBXFrameworksBuildPhase section */
		AB15EFFB20FE7D0E001EE57D /* Frameworks */ = {
			isa = PBXFrameworksBuildPhase;
			buildActionMask = 2147483647;
			files = (
				4DB354EE9F67527964D36BD1 /* Pods_Lite.framework in Frameworks */,
			);
			runOnlyForDeploymentPostprocessing = 0;
		};
		AB15F00420FE7D0E001EE57D /* Frameworks */ = {
			isa = PBXFrameworksBuildPhase;
			buildActionMask = 2147483647;
			files = (
				AB15F00820FE7D0E001EE57D /* Lite.framework in Frameworks */,
				BF5A405DB39F74C7972A19CB /* Pods_LiteTests.framework in Frameworks */,
			);
			runOnlyForDeploymentPostprocessing = 0;
		};
/* End PBXFrameworksBuildPhase section */

/* Begin PBXGroup section */
		3E65CB44BAC57C8B69C08BEC /* Frameworks */ = {
			isa = PBXGroup;
			children = (
				C91949BFDC224729DA9445A8 /* Pods_Lite.framework */,
				60EA7EC3710F1088CD1B8E71 /* Pods_LiteTests.framework */,
			);
			name = Frameworks;
			sourceTree = "<group>";
		};
		43D07AD08C9B5585324F9D48 /* Pods */ = {
			isa = PBXGroup;
			children = (
				B03341468FD22A42F49B3C77 /* Pods-Lite.debug.xcconfig */,
				1337AA30A7A8005FBAB7CA69 /* Pods-Lite.release.xcconfig */,
				51FA862E429BC827F3381C23 /* Pods-LiteTests.debug.xcconfig */,
				8C9BD2FF526D8BC6C99C1145 /* Pods-LiteTests.release.xcconfig */,
			);
			name = Pods;
			sourceTree = "<group>";
		};
		AB0260302103887000FDF3A3 /* Utils */ = {
			isa = PBXGroup;
			children = (
				AB0260312103888700FDF3A3 /* AsyncOperation.swift */,
				AB02603721038BC400FDF3A3 /* URLRequest+Request.swift */,
				AB486E6D2115F5B60051802B /* Future.swift */,
			);
			path = Utils;
			sourceTree = "<group>";
		};
		AB0260332103892600FDF3A3 /* Lib */ = {
			isa = PBXGroup;
			children = (
				AB12B160210960C50067BCA7 /* NetworkServiceProvider.swift */,
				AB15F01B20FE7EBF001EE57D /* Request.swift */,
				AB15F01D20FE7F93001EE57D /* HTTPMethod.swift */,
				AB02602B20FE92B800FDF3A3 /* Service.swift */,
				AB02602E20FE941200FDF3A3 /* PluginType.swift */,
				AB0260442103A69400FDF3A3 /* RequestType.swift */,
				AB0260482103EBCF00FDF3A3 /* ProviderType.swift */,
				AB02604A2103F07600FDF3A3 /* Response.swift */,
			);
			path = Lib;
			sourceTree = "<group>";
		};
		AB0260342103893C00FDF3A3 /* Operations */ = {
			isa = PBXGroup;
			children = (
				AB0260352103894E00FDF3A3 /* DataOperation.swift */,
				AB02603921038FBD00FDF3A3 /* NetworkOperation.swift */,
			);
			path = Operations;
			sourceTree = "<group>";
		};
		AB02603D2103A03600FDF3A3 /* Src */ = {
			isa = PBXGroup;
			children = (
				AB0260412103A18700FDF3A3 /* Lib */,
			);
			path = Src;
			sourceTree = "<group>";
		};
		AB0260412103A18700FDF3A3 /* Lib */ = {
			isa = PBXGroup;
			children = (
				ABBA5E48211676A8003063F4 /* ResponseModel.swift */,
				AB0260422103A1A100FDF3A3 /* NetworkServiceTest.swift */,
				AB02604C2103F4FF00FDF3A3 /* HttpBinProvider.swift */,
				AB02604E210402F700FDF3A3 /* Plugins.swift */,
				AB486E7B21166FF10051802B /* PersistedServiceTest.swift */,
				ABBA5E4E2117EBAA003063F4 /* LiteServiceTest.swift */,
			);
			path = Lib;
			sourceTree = "<group>";
		};
		AB15EFF420FE7D0E001EE57D = {
			isa = PBXGroup;
			children = (
				AB15F00020FE7D0E001EE57D /* Lite */,
				AB15F00B20FE7D0E001EE57D /* LiteTests */,
				AB15EFFF20FE7D0E001EE57D /* Products */,
				43D07AD08C9B5585324F9D48 /* Pods */,
				3E65CB44BAC57C8B69C08BEC /* Frameworks */,
			);
			sourceTree = "<group>";
		};
		AB15EFFF20FE7D0E001EE57D /* Products */ = {
			isa = PBXGroup;
			children = (
				AB15EFFE20FE7D0E001EE57D /* Lite.framework */,
				AB15F00720FE7D0E001EE57D /* LiteTests.xctest */,
			);
			name = Products;
			sourceTree = "<group>";
		};
		AB15F00020FE7D0E001EE57D /* Lite */ = {
			isa = PBXGroup;
			children = (
				AB15F01820FE7D51001EE57D /* Src */,
				AB15F00120FE7D0E001EE57D /* Lite.h */,
				AB15F00220FE7D0E001EE57D /* Info.plist */,
			);
			path = Lite;
			sourceTree = "<group>";
		};
		AB15F00B20FE7D0E001EE57D /* LiteTests */ = {
			isa = PBXGroup;
			children = (
				AB02603D2103A03600FDF3A3 /* Src */,
				AB15F00E20FE7D0E001EE57D /* Info.plist */,
			);
			path = LiteTests;
			sourceTree = "<group>";
		};
		AB15F01820FE7D51001EE57D /* Src */ = {
			isa = PBXGroup;
			children = (
				AB0260302103887000FDF3A3 /* Utils */,
				AB15F01920FE7DA7001EE57D /* Core */,
			);
			path = Src;
			sourceTree = "<group>";
		};
		AB15F01920FE7DA7001EE57D /* Core */ = {
			isa = PBXGroup;
			children = (
				AB486E762116325F0051802B /* Common */,
				ABC2B98B2104DA80006E78F2 /* Cache */,
				AB15F01A20FE7E73001EE57D /* Network */,
			);
			path = Core;
			sourceTree = "<group>";
		};
		AB15F01A20FE7E73001EE57D /* Network */ = {
			isa = PBXGroup;
			children = (
				AB0260342103893C00FDF3A3 /* Operations */,
				AB0260332103892600FDF3A3 /* Lib */,
			);
			path = Network;
			sourceTree = "<group>";
		};
		AB486E6A2115F4900051802B /* Lib */ = {
			isa = PBXGroup;
			children = (
				AB486E6F21160AE90051802B /* Realm */,
				AB486E6B2115F4AD0051802B /* PersistenceProtocol.swift */,
			);
			path = Lib;
			sourceTree = "<group>";
		};
		AB486E6F21160AE90051802B /* Realm */ = {
			isa = PBXGroup;
			children = (
				AB486E7921166A9E0051802B /* RealmPersistedServiceProvider.swift */,
				AB486E7021160AFB0051802B /* RealmService.swift */,
				AB486E72211610890051802B /* PersistenceProvider.swift */,
				ABBA5E4A2116806C003063F4 /* RealmEntity.swift */,
			);
			path = Realm;
			sourceTree = "<group>";
		};
		AB486E762116325F0051802B /* Common */ = {
			isa = PBXGroup;
			children = (
				AB6C87BA216A8FB000E8933A /* Provider.swift */,
				AB486E77211632700051802B /* Pipeline.swift */,
				AB6C87BC216A904500E8933A /* Composable.swift */,
				ABBA5E4C2117DF73003063F4 /* LiteServiceProvider.swift */,
			);
			path = Common;
			sourceTree = "<group>";
		};
		ABC2B98B2104DA80006E78F2 /* Cache */ = {
			isa = PBXGroup;
			children = (
				AB486E6A2115F4900051802B /* Lib */,
			);
			path = Cache;
			sourceTree = "<group>";
		};
/* End PBXGroup section */

/* Begin PBXHeadersBuildPhase section */
		AB15EFF920FE7D0E001EE57D /* Headers */ = {
			isa = PBXHeadersBuildPhase;
			buildActionMask = 2147483647;
			files = (
				AB15F00F20FE7D0E001EE57D /* Lite.h in Headers */,
			);
			runOnlyForDeploymentPostprocessing = 0;
		};
/* End PBXHeadersBuildPhase section */

/* Begin PBXNativeTarget section */
		AB15EFFD20FE7D0E001EE57D /* Lite */ = {
			isa = PBXNativeTarget;
			buildConfigurationList = AB15F01220FE7D0E001EE57D /* Build configuration list for PBXNativeTarget "Lite" */;
			buildPhases = (
				0BE321329F721C09659AF368 /* [CP] Check Pods Manifest.lock */,
				AB15EFF920FE7D0E001EE57D /* Headers */,
				AB02602A20FE859B00FDF3A3 /* Lint */,
				AB15EFFA20FE7D0E001EE57D /* Sources */,
				AB15EFFB20FE7D0E001EE57D /* Frameworks */,
				AB15EFFC20FE7D0E001EE57D /* Resources */,
			);
			buildRules = (
			);
			dependencies = (
			);
			name = Lite;
			productName = Lite;
			productReference = AB15EFFE20FE7D0E001EE57D /* Lite.framework */;
			productType = "com.apple.product-type.framework";
		};
		AB15F00620FE7D0E001EE57D /* LiteTests */ = {
			isa = PBXNativeTarget;
			buildConfigurationList = AB15F01520FE7D0E001EE57D /* Build configuration list for PBXNativeTarget "LiteTests" */;
			buildPhases = (
				891D40A0086A91229FF5674C /* [CP] Check Pods Manifest.lock */,
				AB15F00320FE7D0E001EE57D /* Sources */,
				AB15F00420FE7D0E001EE57D /* Frameworks */,
				AB15F00520FE7D0E001EE57D /* Resources */,
				6AA15AB82DFA2BB402EC5CF4 /* [CP] Embed Pods Frameworks */,
			);
			buildRules = (
			);
			dependencies = (
				AB15F00A20FE7D0E001EE57D /* PBXTargetDependency */,
			);
			name = LiteTests;
			productName = LiteTests;
			productReference = AB15F00720FE7D0E001EE57D /* LiteTests.xctest */;
			productType = "com.apple.product-type.bundle.unit-test";
		};
/* End PBXNativeTarget section */

/* Begin PBXProject section */
		AB15EFF520FE7D0E001EE57D /* Project object */ = {
			isa = PBXProject;
			attributes = {
				LastSwiftUpdateCheck = 1000;
				LastUpgradeCheck = 1000;
				ORGANIZATIONNAME = "Roshan Nindrai";
				TargetAttributes = {
					AB15EFFD20FE7D0E001EE57D = {
						CreatedOnToolsVersion = 10.0;
						LastSwiftMigration = 1000;
					};
					AB15F00620FE7D0E001EE57D = {
						CreatedOnToolsVersion = 10.0;
						LastSwiftMigration = 1000;
					};
				};
			};
			buildConfigurationList = AB15EFF820FE7D0E001EE57D /* Build configuration list for PBXProject "Lite" */;
			compatibilityVersion = "Xcode 9.3";
			developmentRegion = en;
			hasScannedForEncodings = 0;
			knownRegions = (
				en,
			);
			mainGroup = AB15EFF420FE7D0E001EE57D;
			productRefGroup = AB15EFFF20FE7D0E001EE57D /* Products */;
			projectDirPath = "";
			projectRoot = "";
			targets = (
				AB15EFFD20FE7D0E001EE57D /* Lite */,
				AB15F00620FE7D0E001EE57D /* LiteTests */,
			);
		};
/* End PBXProject section */

/* Begin PBXResourcesBuildPhase section */
		AB15EFFC20FE7D0E001EE57D /* Resources */ = {
			isa = PBXResourcesBuildPhase;
			buildActionMask = 2147483647;
			files = (
			);
			runOnlyForDeploymentPostprocessing = 0;
		};
		AB15F00520FE7D0E001EE57D /* Resources */ = {
			isa = PBXResourcesBuildPhase;
			buildActionMask = 2147483647;
			files = (
			);
			runOnlyForDeploymentPostprocessing = 0;
		};
/* End PBXResourcesBuildPhase section */

/* Begin PBXShellScriptBuildPhase section */
		0BE321329F721C09659AF368 /* [CP] Check Pods Manifest.lock */ = {
			isa = PBXShellScriptBuildPhase;
			buildActionMask = 2147483647;
			files = (
			);
			inputPaths = (
				"${PODS_PODFILE_DIR_PATH}/Podfile.lock",
				"${PODS_ROOT}/Manifest.lock",
			);
			name = "[CP] Check Pods Manifest.lock";
			outputPaths = (
				"$(DERIVED_FILE_DIR)/Pods-Lite-checkManifestLockResult.txt",
			);
			runOnlyForDeploymentPostprocessing = 0;
			shellPath = /bin/sh;
			shellScript = "diff \"${PODS_PODFILE_DIR_PATH}/Podfile.lock\" \"${PODS_ROOT}/Manifest.lock\" > /dev/null\nif [ $? != 0 ] ; then\n    # print error to STDERR\n    echo \"error: The sandbox is not in sync with the Podfile.lock. Run 'pod install' or update your CocoaPods installation.\" >&2\n    exit 1\nfi\n# This output is used by Xcode 'outputs' to avoid re-running this script phase.\necho \"SUCCESS\" > \"${SCRIPT_OUTPUT_FILE_0}\"\n";
			showEnvVarsInLog = 0;
		};
		6AA15AB82DFA2BB402EC5CF4 /* [CP] Embed Pods Frameworks */ = {
			isa = PBXShellScriptBuildPhase;
			buildActionMask = 2147483647;
			files = (
			);
			inputPaths = (
				"${SRCROOT}/../../Pods/Target Support Files/Pods-LiteTests/Pods-LiteTests-frameworks.sh",
				"${BUILT_PRODUCTS_DIR}/Realm/Realm.framework",
				"${BUILT_PRODUCTS_DIR}/RealmSwift/RealmSwift.framework",
			);
			name = "[CP] Embed Pods Frameworks";
			outputPaths = (
				"${TARGET_BUILD_DIR}/${FRAMEWORKS_FOLDER_PATH}/Realm.framework",
				"${TARGET_BUILD_DIR}/${FRAMEWORKS_FOLDER_PATH}/RealmSwift.framework",
			);
			runOnlyForDeploymentPostprocessing = 0;
			shellPath = /bin/sh;
			shellScript = "\"${SRCROOT}/../../Pods/Target Support Files/Pods-LiteTests/Pods-LiteTests-frameworks.sh\"\n";
			showEnvVarsInLog = 0;
		};
		891D40A0086A91229FF5674C /* [CP] Check Pods Manifest.lock */ = {
			isa = PBXShellScriptBuildPhase;
			buildActionMask = 2147483647;
			files = (
			);
			inputPaths = (
				"${PODS_PODFILE_DIR_PATH}/Podfile.lock",
				"${PODS_ROOT}/Manifest.lock",
			);
			name = "[CP] Check Pods Manifest.lock";
			outputPaths = (
				"$(DERIVED_FILE_DIR)/Pods-LiteTests-checkManifestLockResult.txt",
			);
			runOnlyForDeploymentPostprocessing = 0;
			shellPath = /bin/sh;
			shellScript = "diff \"${PODS_PODFILE_DIR_PATH}/Podfile.lock\" \"${PODS_ROOT}/Manifest.lock\" > /dev/null\nif [ $? != 0 ] ; then\n    # print error to STDERR\n    echo \"error: The sandbox is not in sync with the Podfile.lock. Run 'pod install' or update your CocoaPods installation.\" >&2\n    exit 1\nfi\n# This output is used by Xcode 'outputs' to avoid re-running this script phase.\necho \"SUCCESS\" > \"${SCRIPT_OUTPUT_FILE_0}\"\n";
			showEnvVarsInLog = 0;
		};
		AB02602A20FE859B00FDF3A3 /* Lint */ = {
			isa = PBXShellScriptBuildPhase;
			buildActionMask = 2147483647;
			files = (
			);
			inputPaths = (
			);
			name = Lint;
			outputPaths = (
			);
			runOnlyForDeploymentPostprocessing = 0;
			shellPath = /bin/sh;
			shellScript = "# Type a script or drag a script file from your workspace to insert its path.\necho \"${SRCROOT}\"\n${SRCROOT}/Scripts/lint.sh\n\n";
		};
/* End PBXShellScriptBuildPhase section */

/* Begin PBXSourcesBuildPhase section */
		AB15EFFA20FE7D0E001EE57D /* Sources */ = {
			isa = PBXSourcesBuildPhase;
			buildActionMask = 2147483647;
			files = (
				AB02602F20FE941200FDF3A3 /* PluginType.swift in Sources */,
				AB486E6C2115F4AD0051802B /* PersistenceProtocol.swift in Sources */,
				AB486E78211632700051802B /* Pipeline.swift in Sources */,
				AB15F01E20FE7F93001EE57D /* HTTPMethod.swift in Sources */,
				AB6C87BD216A904500E8933A /* Composable.swift in Sources */,
				AB15F01C20FE7EBF001EE57D /* Request.swift in Sources */,
				AB486E73211610890051802B /* PersistenceProvider.swift in Sources */,
				ABBA5E4D2117DF73003063F4 /* LiteServiceProvider.swift in Sources */,
				AB486E7121160AFB0051802B /* RealmService.swift in Sources */,
				AB0260362103894E00FDF3A3 /* DataOperation.swift in Sources */,
				AB02604B2103F07600FDF3A3 /* Response.swift in Sources */,
				AB02603821038BC400FDF3A3 /* URLRequest+Request.swift in Sources */,
				AB0260322103888700FDF3A3 /* AsyncOperation.swift in Sources */,
				ABBA5E4B2116806C003063F4 /* RealmEntity.swift in Sources */,
				AB486E6E2115F5B60051802B /* Future.swift in Sources */,
				AB486E7A21166A9E0051802B /* RealmPersistedServiceProvider.swift in Sources */,
				AB0260492103EBCF00FDF3A3 /* ProviderType.swift in Sources */,
				AB6C87BB216A8FB000E8933A /* Provider.swift in Sources */,
				AB02603A21038FBD00FDF3A3 /* NetworkOperation.swift in Sources */,
				AB12B161210960C50067BCA7 /* NetworkServiceProvider.swift in Sources */,
				AB02602C20FE92B800FDF3A3 /* Service.swift in Sources */,
				AB0260452103A69400FDF3A3 /* RequestType.swift in Sources */,
			);
			runOnlyForDeploymentPostprocessing = 0;
		};
		AB15F00320FE7D0E001EE57D /* Sources */ = {
			isa = PBXSourcesBuildPhase;
			buildActionMask = 2147483647;
			files = (
				AB02604D2103F4FF00FDF3A3 /* HttpBinProvider.swift in Sources */,
				ABBA5E4F2117EBAA003063F4 /* LiteServiceTest.swift in Sources */,
				AB486E7C21166FF10051802B /* PersistedServiceTest.swift in Sources */,
				AB02604F210402F700FDF3A3 /* Plugins.swift in Sources */,
				ABBA5E49211676A8003063F4 /* ResponseModel.swift in Sources */,
				AB0260432103A1A100FDF3A3 /* NetworkServiceTest.swift in Sources */,
			);
			runOnlyForDeploymentPostprocessing = 0;
		};
/* End PBXSourcesBuildPhase section */

/* Begin PBXTargetDependency section */
		AB15F00A20FE7D0E001EE57D /* PBXTargetDependency */ = {
			isa = PBXTargetDependency;
			target = AB15EFFD20FE7D0E001EE57D /* Lite */;
			targetProxy = AB15F00920FE7D0E001EE57D /* PBXContainerItemProxy */;
		};
/* End PBXTargetDependency section */

/* Begin XCBuildConfiguration section */
		AB15F01020FE7D0E001EE57D /* Debug */ = {
			isa = XCBuildConfiguration;
			buildSettings = {
				ALWAYS_SEARCH_USER_PATHS = NO;
				CLANG_ANALYZER_NONNULL = YES;
				CLANG_ANALYZER_NUMBER_OBJECT_CONVERSION = YES_AGGRESSIVE;
				CLANG_CXX_LANGUAGE_STANDARD = "gnu++14";
				CLANG_CXX_LIBRARY = "libc++";
				CLANG_ENABLE_MODULES = YES;
				CLANG_ENABLE_OBJC_ARC = YES;
				CLANG_ENABLE_OBJC_WEAK = YES;
				CLANG_WARN_BLOCK_CAPTURE_AUTORELEASING = YES;
				CLANG_WARN_BOOL_CONVERSION = YES;
				CLANG_WARN_COMMA = YES;
				CLANG_WARN_CONSTANT_CONVERSION = YES;
				CLANG_WARN_DEPRECATED_OBJC_IMPLEMENTATIONS = YES;
				CLANG_WARN_DIRECT_OBJC_ISA_USAGE = YES_ERROR;
				CLANG_WARN_DOCUMENTATION_COMMENTS = YES;
				CLANG_WARN_EMPTY_BODY = YES;
				CLANG_WARN_ENUM_CONVERSION = YES;
				CLANG_WARN_INFINITE_RECURSION = YES;
				CLANG_WARN_INT_CONVERSION = YES;
				CLANG_WARN_NON_LITERAL_NULL_CONVERSION = YES;
				CLANG_WARN_OBJC_IMPLICIT_RETAIN_SELF = YES;
				CLANG_WARN_OBJC_LITERAL_CONVERSION = YES;
				CLANG_WARN_OBJC_ROOT_CLASS = YES_ERROR;
				CLANG_WARN_RANGE_LOOP_ANALYSIS = YES;
				CLANG_WARN_STRICT_PROTOTYPES = YES;
				CLANG_WARN_SUSPICIOUS_MOVE = YES;
				CLANG_WARN_UNGUARDED_AVAILABILITY = YES_AGGRESSIVE;
				CLANG_WARN_UNREACHABLE_CODE = YES;
				CLANG_WARN__DUPLICATE_METHOD_MATCH = YES;
				CODE_SIGN_IDENTITY = "iPhone Developer";
				COPY_PHASE_STRIP = NO;
				CURRENT_PROJECT_VERSION = 1;
				DEBUG_INFORMATION_FORMAT = dwarf;
				ENABLE_STRICT_OBJC_MSGSEND = YES;
				ENABLE_TESTABILITY = YES;
				GCC_C_LANGUAGE_STANDARD = gnu11;
				GCC_DYNAMIC_NO_PIC = NO;
				GCC_NO_COMMON_BLOCKS = YES;
				GCC_OPTIMIZATION_LEVEL = 0;
				GCC_PREPROCESSOR_DEFINITIONS = (
					"DEBUG=1",
					"$(inherited)",
				);
				GCC_WARN_64_TO_32_BIT_CONVERSION = YES;
				GCC_WARN_ABOUT_RETURN_TYPE = YES_ERROR;
				GCC_WARN_UNDECLARED_SELECTOR = YES;
				GCC_WARN_UNINITIALIZED_AUTOS = YES_AGGRESSIVE;
				GCC_WARN_UNUSED_FUNCTION = YES;
				GCC_WARN_UNUSED_VARIABLE = YES;
				IPHONEOS_DEPLOYMENT_TARGET = 12.0;
				MTL_ENABLE_DEBUG_INFO = INCLUDE_SOURCE;
				ONLY_ACTIVE_ARCH = YES;
				SDKROOT = iphoneos;
				SWIFT_ACTIVE_COMPILATION_CONDITIONS = DEBUG;
				SWIFT_OPTIMIZATION_LEVEL = "-Onone";
				VERSIONING_SYSTEM = "apple-generic";
				VERSION_INFO_PREFIX = "";
			};
			name = Debug;
		};
		AB15F01120FE7D0E001EE57D /* Release */ = {
			isa = XCBuildConfiguration;
			buildSettings = {
				ALWAYS_SEARCH_USER_PATHS = NO;
				CLANG_ANALYZER_NONNULL = YES;
				CLANG_ANALYZER_NUMBER_OBJECT_CONVERSION = YES_AGGRESSIVE;
				CLANG_CXX_LANGUAGE_STANDARD = "gnu++14";
				CLANG_CXX_LIBRARY = "libc++";
				CLANG_ENABLE_MODULES = YES;
				CLANG_ENABLE_OBJC_ARC = YES;
				CLANG_ENABLE_OBJC_WEAK = YES;
				CLANG_WARN_BLOCK_CAPTURE_AUTORELEASING = YES;
				CLANG_WARN_BOOL_CONVERSION = YES;
				CLANG_WARN_COMMA = YES;
				CLANG_WARN_CONSTANT_CONVERSION = YES;
				CLANG_WARN_DEPRECATED_OBJC_IMPLEMENTATIONS = YES;
				CLANG_WARN_DIRECT_OBJC_ISA_USAGE = YES_ERROR;
				CLANG_WARN_DOCUMENTATION_COMMENTS = YES;
				CLANG_WARN_EMPTY_BODY = YES;
				CLANG_WARN_ENUM_CONVERSION = YES;
				CLANG_WARN_INFINITE_RECURSION = YES;
				CLANG_WARN_INT_CONVERSION = YES;
				CLANG_WARN_NON_LITERAL_NULL_CONVERSION = YES;
				CLANG_WARN_OBJC_IMPLICIT_RETAIN_SELF = YES;
				CLANG_WARN_OBJC_LITERAL_CONVERSION = YES;
				CLANG_WARN_OBJC_ROOT_CLASS = YES_ERROR;
				CLANG_WARN_RANGE_LOOP_ANALYSIS = YES;
				CLANG_WARN_STRICT_PROTOTYPES = YES;
				CLANG_WARN_SUSPICIOUS_MOVE = YES;
				CLANG_WARN_UNGUARDED_AVAILABILITY = YES_AGGRESSIVE;
				CLANG_WARN_UNREACHABLE_CODE = YES;
				CLANG_WARN__DUPLICATE_METHOD_MATCH = YES;
				CODE_SIGN_IDENTITY = "iPhone Developer";
				COPY_PHASE_STRIP = NO;
				CURRENT_PROJECT_VERSION = 1;
				DEBUG_INFORMATION_FORMAT = "dwarf-with-dsym";
				ENABLE_NS_ASSERTIONS = NO;
				ENABLE_STRICT_OBJC_MSGSEND = YES;
				GCC_C_LANGUAGE_STANDARD = gnu11;
				GCC_NO_COMMON_BLOCKS = YES;
				GCC_WARN_64_TO_32_BIT_CONVERSION = YES;
				GCC_WARN_ABOUT_RETURN_TYPE = YES_ERROR;
				GCC_WARN_UNDECLARED_SELECTOR = YES;
				GCC_WARN_UNINITIALIZED_AUTOS = YES_AGGRESSIVE;
				GCC_WARN_UNUSED_FUNCTION = YES;
				GCC_WARN_UNUSED_VARIABLE = YES;
				IPHONEOS_DEPLOYMENT_TARGET = 12.0;
				MTL_ENABLE_DEBUG_INFO = NO;
				SDKROOT = iphoneos;
				SWIFT_COMPILATION_MODE = wholemodule;
				SWIFT_OPTIMIZATION_LEVEL = "-O";
				VALIDATE_PRODUCT = YES;
				VERSIONING_SYSTEM = "apple-generic";
				VERSION_INFO_PREFIX = "";
			};
			name = Release;
		};
		AB15F01320FE7D0E001EE57D /* Debug */ = {
			isa = XCBuildConfiguration;
			baseConfigurationReference = B03341468FD22A42F49B3C77 /* Pods-Lite.debug.xcconfig */;
			buildSettings = {
				CLANG_ENABLE_MODULES = YES;
				CODE_SIGN_IDENTITY = "";
				CODE_SIGN_STYLE = Automatic;
				DEFINES_MODULE = YES;
				DEVELOPMENT_TEAM = W2MHQ39N9M;
				DYLIB_COMPATIBILITY_VERSION = 1;
				DYLIB_CURRENT_VERSION = 1;
				DYLIB_INSTALL_NAME_BASE = "@rpath";
				INFOPLIST_FILE = Lite/Info.plist;
				INSTALL_PATH = "$(LOCAL_LIBRARY_DIR)/Frameworks";
				LD_RUNPATH_SEARCH_PATHS = (
					"$(inherited)",
					"@executable_path/Frameworks",
					"@loader_path/Frameworks",
				);
				PRODUCT_BUNDLE_IDENTIFIER = com.uniqlabs.Lite;
				PRODUCT_NAME = "$(TARGET_NAME:c99extidentifier)";
				SKIP_INSTALL = YES;
				SWIFT_OPTIMIZATION_LEVEL = "-Onone";
				SWIFT_VERSION = 4.2;
				TARGETED_DEVICE_FAMILY = "1,2";
			};
			name = Debug;
		};
		AB15F01420FE7D0E001EE57D /* Release */ = {
			isa = XCBuildConfiguration;
			baseConfigurationReference = 1337AA30A7A8005FBAB7CA69 /* Pods-Lite.release.xcconfig */;
			buildSettings = {
				CLANG_ENABLE_MODULES = YES;
				CODE_SIGN_IDENTITY = "";
				CODE_SIGN_STYLE = Automatic;
				DEFINES_MODULE = YES;
				DEVELOPMENT_TEAM = W2MHQ39N9M;
				DYLIB_COMPATIBILITY_VERSION = 1;
				DYLIB_CURRENT_VERSION = 1;
				DYLIB_INSTALL_NAME_BASE = "@rpath";
				INFOPLIST_FILE = Lite/Info.plist;
				INSTALL_PATH = "$(LOCAL_LIBRARY_DIR)/Frameworks";
				LD_RUNPATH_SEARCH_PATHS = (
					"$(inherited)",
					"@executable_path/Frameworks",
					"@loader_path/Frameworks",
				);
				PRODUCT_BUNDLE_IDENTIFIER = com.uniqlabs.Lite;
				PRODUCT_NAME = "$(TARGET_NAME:c99extidentifier)";
				SKIP_INSTALL = YES;
				SWIFT_VERSION = 4.2;
				TARGETED_DEVICE_FAMILY = "1,2";
			};
			name = Release;
		};
		AB15F01620FE7D0E001EE57D /* Debug */ = {
			isa = XCBuildConfiguration;
			baseConfigurationReference = 51FA862E429BC827F3381C23 /* Pods-LiteTests.debug.xcconfig */;
			buildSettings = {
				ALWAYS_EMBED_SWIFT_STANDARD_LIBRARIES = YES;
				CLANG_ENABLE_MODULES = YES;
				CODE_SIGN_STYLE = Automatic;
				DEVELOPMENT_TEAM = W2MHQ39N9M;
				INFOPLIST_FILE = LiteTests/Info.plist;
				LD_RUNPATH_SEARCH_PATHS = (
					"$(inherited)",
					"@executable_path/Frameworks",
					"@loader_path/Frameworks",
				);
				PRODUCT_BUNDLE_IDENTIFIER = com.uniqlabs.LiteTests;
				PRODUCT_NAME = "$(TARGET_NAME)";
				SWIFT_OPTIMIZATION_LEVEL = "-Onone";
				SWIFT_VERSION = 4.2;
				TARGETED_DEVICE_FAMILY = "1,2";
			};
			name = Debug;
		};
		AB15F01720FE7D0E001EE57D /* Release */ = {
			isa = XCBuildConfiguration;
			baseConfigurationReference = 8C9BD2FF526D8BC6C99C1145 /* Pods-LiteTests.release.xcconfig */;
			buildSettings = {
				ALWAYS_EMBED_SWIFT_STANDARD_LIBRARIES = YES;
				CLANG_ENABLE_MODULES = YES;
				CODE_SIGN_STYLE = Automatic;
				DEVELOPMENT_TEAM = W2MHQ39N9M;
				INFOPLIST_FILE = LiteTests/Info.plist;
				LD_RUNPATH_SEARCH_PATHS = (
					"$(inherited)",
					"@executable_path/Frameworks",
					"@loader_path/Frameworks",
				);
				PRODUCT_BUNDLE_IDENTIFIER = com.uniqlabs.LiteTests;
				PRODUCT_NAME = "$(TARGET_NAME)";
				SWIFT_VERSION = 4.2;
				TARGETED_DEVICE_FAMILY = "1,2";
			};
			name = Release;
		};
/* End XCBuildConfiguration section */

/* Begin XCConfigurationList section */
		AB15EFF820FE7D0E001EE57D /* Build configuration list for PBXProject "Lite" */ = {
			isa = XCConfigurationList;
			buildConfigurations = (
				AB15F01020FE7D0E001EE57D /* Debug */,
				AB15F01120FE7D0E001EE57D /* Release */,
			);
			defaultConfigurationIsVisible = 0;
			defaultConfigurationName = Release;
		};
		AB15F01220FE7D0E001EE57D /* Build configuration list for PBXNativeTarget "Lite" */ = {
			isa = XCConfigurationList;
			buildConfigurations = (
				AB15F01320FE7D0E001EE57D /* Debug */,
				AB15F01420FE7D0E001EE57D /* Release */,
			);
			defaultConfigurationIsVisible = 0;
			defaultConfigurationName = Release;
		};
		AB15F01520FE7D0E001EE57D /* Build configuration list for PBXNativeTarget "LiteTests" */ = {
			isa = XCConfigurationList;
			buildConfigurations = (
				AB15F01620FE7D0E001EE57D /* Debug */,
				AB15F01720FE7D0E001EE57D /* Release */,
			);
			defaultConfigurationIsVisible = 0;
			defaultConfigurationName = Release;
		};
/* End XCConfigurationList section */
	};
	rootObject = AB15EFF520FE7D0E001EE57D /* Project object */;
}
